
Microsoft Visual Studio Solution File, Format Version 12.00
# Visual Studio Version 16
VisualStudioVersion = 16.0.31005.135
MinimumVisualStudioVersion = 10.0.40219.1
Project("{FAE04EC0-301F-11D3-BF4B-00C04F79EFBC}") = "PrimerProyecto", "PrimerProyecto\PrimerProyecto.csproj", "{F7E156A4-9417-49A4-B367-EE711CB4D59D}"
EndProject
Global
	GlobalSection(SolutionConfigurationPlatforms) = preSolution
		Debug|Any CPU = Debug|Any CPU
		Release|Any CPU = Release|Any CPU
	EndGlobalSection
	GlobalSection(ProjectConfigurationPlatforms) = postSolution
		{F7E156A4-9417-49A4-B367-EE711CB4D59D}.Debug|Any CPU.ActiveCfg = Debug|Any CPU
		{F7E156A4-9417-49A4-B367-EE711CB4D59D}.Debug|Any CPU.Build.0 = Debug|Any CPU
		{F7E156A4-9417-49A4-B367-EE711CB4D59D}.Release|Any CPU.ActiveCfg = Release|Any CPU
		{F7E156A4-9417-49A4-B367-EE711CB4D59D}.Release|Any CPU.Build.0 = Release|Any CPU
	EndGlobalSection
	GlobalSection(SolutionProperties) = preSolution
		HideSolutionNode = FALSE
	EndGlobalSection
	GlobalSection(ExtensibilityGlobals) = postSolution
		SolutionGuid = {A06B3B91-21D1-464E-AAEE-822786F88543}
	EndGlobalSection
EndGlobal
